// !$*UTF8*$!
{
	archiveVersion = 1;
	classes = {
	};
	objectVersion = 50;
	objects = {

/* Begin PBXBuildFile section */
		74AA9DC527ADA1210029E057 /* AppDelegate.swift in Sources */ = {isa = PBXBuildFile; fileRef = 74AA9DC427ADA1210029E057 /* AppDelegate.swift */; };
		74AA9DC727ADA1210029E057 /* SceneDelegate.swift in Sources */ = {isa = PBXBuildFile; fileRef = 74AA9DC627ADA1210029E057 /* SceneDelegate.swift */; };
		74AA9DCE27ADA1230029E057 /* Assets.xcassets in Resources */ = {isa = PBXBuildFile; fileRef = 74AA9DCD27ADA1230029E057 /* Assets.xcassets */; };
		74AA9DDF27ADA3320029E057 /* WeatherViewController.swift in Sources */ = {isa = PBXBuildFile; fileRef = 74AA9DDE27ADA3320029E057 /* WeatherViewController.swift */; };
		74AA9DE327ADA7DF0029E057 /* WeatherViewModelProtocol.swift in Sources */ = {isa = PBXBuildFile; fileRef = 74AA9DE227ADA7DF0029E057 /* WeatherViewModelProtocol.swift */; };
		74AA9DE527ADA89B0029E057 /* NetworkManager.swift in Sources */ = {isa = PBXBuildFile; fileRef = 74AA9DE427ADA89B0029E057 /* NetworkManager.swift */; };
		74AA9DE727ADA8DA0029E057 /* WeatherURL.swift in Sources */ = {isa = PBXBuildFile; fileRef = 74AA9DE627ADA8DA0029E057 /* WeatherURL.swift */; };
		74AA9DE927ADAA6E0029E057 /* WeatherModel.swift in Sources */ = {isa = PBXBuildFile; fileRef = 74AA9DE827ADAA6E0029E057 /* WeatherModel.swift */; };
		74AA9DEB27ADAA8F0029E057 /* WeatherData.swift in Sources */ = {isa = PBXBuildFile; fileRef = 74AA9DEA27ADAA8F0029E057 /* WeatherData.swift */; };
		74AA9DEE27ADC9EE0029E057 /* dark_background.pdf in Resources */ = {isa = PBXBuildFile; fileRef = 74AA9DEC27ADC9EE0029E057 /* dark_background.pdf */; };
		74AA9DEF27ADC9EE0029E057 /* light_background.pdf in Resources */ = {isa = PBXBuildFile; fileRef = 74AA9DED27ADC9EE0029E057 /* light_background.pdf */; };
		74AA9DF127AEC9250029E057 /* HeaderView.swift in Sources */ = {isa = PBXBuildFile; fileRef = 74AA9DF027AEC9240029E057 /* HeaderView.swift */; };
		74AA9DF327AED50B0029E057 /* BodyView.swift in Sources */ = {isa = PBXBuildFile; fileRef = 74AA9DF227AED50B0029E057 /* BodyView.swift */; };
		74AA9DF727AF20020029E057 /* ErrorData.swift in Sources */ = {isa = PBXBuildFile; fileRef = 74AA9DF627AF20020029E057 /* ErrorData.swift */; };
		74AA9DF927AF22F50029E057 /* LocationManager.swift in Sources */ = {isa = PBXBuildFile; fileRef = 74AA9DF827AF22F50029E057 /* LocationManager.swift */; };
/* End PBXBuildFile section */

/* Begin PBXFileReference section */
		74AA9DC127ADA1210029E057 /* WeatherAppMVVM.app */ = {isa = PBXFileReference; explicitFileType = wrapper.application; includeInIndex = 0; path = WeatherAppMVVM.app; sourceTree = BUILT_PRODUCTS_DIR; };
		74AA9DC427ADA1210029E057 /* AppDelegate.swift */ = {isa = PBXFileReference; lastKnownFileType = sourcecode.swift; path = AppDelegate.swift; sourceTree = "<group>"; };
		74AA9DC627ADA1210029E057 /* SceneDelegate.swift */ = {isa = PBXFileReference; lastKnownFileType = sourcecode.swift; path = SceneDelegate.swift; sourceTree = "<group>"; };
		74AA9DCD27ADA1230029E057 /* Assets.xcassets */ = {isa = PBXFileReference; lastKnownFileType = folder.assetcatalog; path = Assets.xcassets; sourceTree = "<group>"; };
		74AA9DD227ADA1230029E057 /* Info.plist */ = {isa = PBXFileReference; lastKnownFileType = text.plist.xml; path = Info.plist; sourceTree = "<group>"; };
		74AA9DDE27ADA3320029E057 /* WeatherViewController.swift */ = {isa = PBXFileReference; lastKnownFileType = sourcecode.swift; path = WeatherViewController.swift; sourceTree = "<group>"; };
		74AA9DE227ADA7DF0029E057 /* WeatherViewModelProtocol.swift */ = {isa = PBXFileReference; lastKnownFileType = sourcecode.swift; path = WeatherViewModelProtocol.swift; sourceTree = "<group>"; };
		74AA9DE427ADA89B0029E057 /* NetworkManager.swift */ = {isa = PBXFileReference; lastKnownFileType = sourcecode.swift; path = NetworkManager.swift; sourceTree = "<group>"; };
		74AA9DE627ADA8DA0029E057 /* WeatherURL.swift */ = {isa = PBXFileReference; lastKnownFileType = sourcecode.swift; path = WeatherURL.swift; sourceTree = "<group>"; };
		74AA9DE827ADAA6E0029E057 /* WeatherModel.swift */ = {isa = PBXFileReference; lastKnownFileType = sourcecode.swift; path = WeatherModel.swift; sourceTree = "<group>"; };
		74AA9DEA27ADAA8F0029E057 /* WeatherData.swift */ = {isa = PBXFileReference; lastKnownFileType = sourcecode.swift; path = WeatherData.swift; sourceTree = "<group>"; };
		74AA9DEC27ADC9EE0029E057 /* dark_background.pdf */ = {isa = PBXFileReference; lastKnownFileType = image.pdf; path = dark_background.pdf; sourceTree = "<group>"; };
		74AA9DED27ADC9EE0029E057 /* light_background.pdf */ = {isa = PBXFileReference; lastKnownFileType = image.pdf; path = light_background.pdf; sourceTree = "<group>"; };
		74AA9DF027AEC9240029E057 /* HeaderView.swift */ = {isa = PBXFileReference; lastKnownFileType = sourcecode.swift; path = HeaderView.swift; sourceTree = "<group>"; };
		74AA9DF227AED50B0029E057 /* BodyView.swift */ = {isa = PBXFileReference; lastKnownFileType = sourcecode.swift; path = BodyView.swift; sourceTree = "<group>"; };
		74AA9DF627AF20020029E057 /* ErrorData.swift */ = {isa = PBXFileReference; lastKnownFileType = sourcecode.swift; path = ErrorData.swift; sourceTree = "<group>"; };
		74AA9DF827AF22F50029E057 /* LocationManager.swift */ = {isa = PBXFileReference; lastKnownFileType = sourcecode.swift; path = LocationManager.swift; sourceTree = "<group>"; };
/* End PBXFileReference section */

/* Begin PBXFrameworksBuildPhase section */
		74AA9DBE27ADA1210029E057 /* Frameworks */ = {
			isa = PBXFrameworksBuildPhase;
			buildActionMask = 2147483647;
			files = (
			);
			runOnlyForDeploymentPostprocessing = 0;
		};
/* End PBXFrameworksBuildPhase section */

/* Begin PBXGroup section */
		74AA9DB827ADA1210029E057 = {
			isa = PBXGroup;
			children = (
				74AA9DC327ADA1210029E057 /* WeatherAppMVVM */,
				74AA9DC227ADA1210029E057 /* Products */,
			);
			sourceTree = "<group>";
		};
		74AA9DC227ADA1210029E057 /* Products */ = {
			isa = PBXGroup;
			children = (
				74AA9DC127ADA1210029E057 /* WeatherAppMVVM.app */,
			);
			name = Products;
			sourceTree = "<group>";
		};
		74AA9DC327ADA1210029E057 /* WeatherAppMVVM */ = {
			isa = PBXGroup;
			children = (
				74AA9DDC27ADA3010029E057 /* WeatherPage */,
				74AA9DDA27ADA1630029E057 /* Supporting Files */,
				74AA9DD827ADA1420029E057 /* Resources */,
			);
			path = WeatherAppMVVM;
			sourceTree = "<group>";
		};
		74AA9DD827ADA1420029E057 /* Resources */ = {
			isa = PBXGroup;
			children = (
				74AA9DEC27ADC9EE0029E057 /* dark_background.pdf */,
				74AA9DCD27ADA1230029E057 /* Assets.xcassets */,
				74AA9DED27ADC9EE0029E057 /* light_background.pdf */,
			);
			path = Resources;
			sourceTree = "<group>";
		};
		74AA9DDA27ADA1630029E057 /* Supporting Files */ = {
			isa = PBXGroup;
			children = (
				74AA9DC427ADA1210029E057 /* AppDelegate.swift */,
				74AA9DC627ADA1210029E057 /* SceneDelegate.swift */,
				74AA9DD227ADA1230029E057 /* Info.plist */,
			);
			path = "Supporting Files";
			sourceTree = "<group>";
		};
		74AA9DDB27ADA1E10029E057 /* Model */ = {
			isa = PBXGroup;
			children = (
				74AA9DE427ADA89B0029E057 /* NetworkManager.swift */,
				74AA9DF827AF22F50029E057 /* LocationManager.swift */,
				74AA9DE627ADA8DA0029E057 /* WeatherURL.swift */,
				74AA9DE827ADAA6E0029E057 /* WeatherModel.swift */,
				74AA9DEA27ADAA8F0029E057 /* WeatherData.swift */,
				74AA9DF627AF20020029E057 /* ErrorData.swift */,
			);
			path = Model;
			sourceTree = "<group>";
		};
		74AA9DDC27ADA3010029E057 /* WeatherPage */ = {
			isa = PBXGroup;
			children = (
				74AA9DE127ADA5210029E057 /* ViewModel */,
				74AA9DE027ADA5180029E057 /* View */,
				74AA9DDB27ADA1E10029E057 /* Model */,
			);
			path = WeatherPage;
			sourceTree = "<group>";
		};
		74AA9DE027ADA5180029E057 /* View */ = {
			isa = PBXGroup;
			children = (
				74AA9DDE27ADA3320029E057 /* WeatherViewController.swift */,
				74AA9DF027AEC9240029E057 /* HeaderView.swift */,
				74AA9DF227AED50B0029E057 /* BodyView.swift */,
			);
			path = View;
			sourceTree = "<group>";
		};
		74AA9DE127ADA5210029E057 /* ViewModel */ = {
			isa = PBXGroup;
			children = (
				74AA9DE227ADA7DF0029E057 /* WeatherViewModelProtocol.swift */,
			);
			path = ViewModel;
			sourceTree = "<group>";
		};
/* End PBXGroup section */

/* Begin PBXNativeTarget section */
		74AA9DC027ADA1210029E057 /* WeatherAppMVVM */ = {
			isa = PBXNativeTarget;
			buildConfigurationList = 74AA9DD527ADA1230029E057 /* Build configuration list for PBXNativeTarget "WeatherAppMVVM" */;
			buildPhases = (
				74AA9DBD27ADA1210029E057 /* Sources */,
				74AA9DBE27ADA1210029E057 /* Frameworks */,
				74AA9DBF27ADA1210029E057 /* Resources */,
			);
			buildRules = (
			);
			dependencies = (
			);
			name = WeatherAppMVVM;
			productName = WeatherAppMVVM;
			productReference = 74AA9DC127ADA1210029E057 /* WeatherAppMVVM.app */;
			productType = "com.apple.product-type.application";
		};
/* End PBXNativeTarget section */

/* Begin PBXProject section */
		74AA9DB927ADA1210029E057 /* Project object */ = {
			isa = PBXProject;
			attributes = {
				LastSwiftUpdateCheck = 1250;
				LastUpgradeCheck = 1250;
				TargetAttributes = {
					74AA9DC027ADA1210029E057 = {
						CreatedOnToolsVersion = 12.5.1;
					};
				};
			};
			buildConfigurationList = 74AA9DBC27ADA1210029E057 /* Build configuration list for PBXProject "WeatherAppMVVM" */;
			compatibilityVersion = "Xcode 9.3";
			developmentRegion = en;
			hasScannedForEncodings = 0;
			knownRegions = (
				en,
				Base,
			);
			mainGroup = 74AA9DB827ADA1210029E057;
			productRefGroup = 74AA9DC227ADA1210029E057 /* Products */;
			projectDirPath = "";
			projectRoot = "";
			targets = (
				74AA9DC027ADA1210029E057 /* WeatherAppMVVM */,
			);
		};
/* End PBXProject section */

/* Begin PBXResourcesBuildPhase section */
		74AA9DBF27ADA1210029E057 /* Resources */ = {
			isa = PBXResourcesBuildPhase;
			buildActionMask = 2147483647;
			files = (
				74AA9DEE27ADC9EE0029E057 /* dark_background.pdf in Resources */,
				74AA9DCE27ADA1230029E057 /* Assets.xcassets in Resources */,
				74AA9DEF27ADC9EE0029E057 /* light_background.pdf in Resources */,
			);
			runOnlyForDeploymentPostprocessing = 0;
		};
/* End PBXResourcesBuildPhase section */

/* Begin PBXSourcesBuildPhase section */
		74AA9DBD27ADA1210029E057 /* Sources */ = {
			isa = PBXSourcesBuildPhase;
			buildActionMask = 2147483647;
			files = (
				74AA9DC527ADA1210029E057 /* AppDelegate.swift in Sources */,
				74AA9DF127AEC9250029E057 /* HeaderView.swift in Sources */,
				74AA9DF327AED50B0029E057 /* BodyView.swift in Sources */,
				74AA9DE327ADA7DF0029E057 /* WeatherViewModelProtocol.swift in Sources */,
				74AA9DE527ADA89B0029E057 /* NetworkManager.swift in Sources */,
				74AA9DE927ADAA6E0029E057 /* WeatherModel.swift in Sources */,
				74AA9DF727AF20020029E057 /* ErrorData.swift in Sources */,
				74AA9DDF27ADA3320029E057 /* WeatherViewController.swift in Sources */,
				74AA9DF927AF22F50029E057 /* LocationManager.swift in Sources */,
				74AA9DE727ADA8DA0029E057 /* WeatherURL.swift in Sources */,
				74AA9DEB27ADAA8F0029E057 /* WeatherData.swift in Sources */,
				74AA9DC727ADA1210029E057 /* SceneDelegate.swift in Sources */,
			);
			runOnlyForDeploymentPostprocessing = 0;
		};
/* End PBXSourcesBuildPhase section */

/* Begin XCBuildConfiguration section */
		74AA9DD327ADA1230029E057 /* Debug */ = {
			isa = XCBuildConfiguration;
			buildSettings = {
				ALWAYS_SEARCH_USER_PATHS = NO;
				CLANG_ANALYZER_NONNULL = YES;
				CLANG_ANALYZER_NUMBER_OBJECT_CONVERSION = YES_AGGRESSIVE;
				CLANG_CXX_LANGUAGE_STANDARD = "gnu++14";
				CLANG_CXX_LIBRARY = "libc++";
				CLANG_ENABLE_MODULES = YES;
				CLANG_ENABLE_OBJC_ARC = YES;
				CLANG_ENABLE_OBJC_WEAK = YES;
				CLANG_WARN_BLOCK_CAPTURE_AUTORELEASING = YES;
				CLANG_WARN_BOOL_CONVERSION = YES;
				CLANG_WARN_COMMA = YES;
				CLANG_WARN_CONSTANT_CONVERSION = YES;
				CLANG_WARN_DEPRECATED_OBJC_IMPLEMENTATIONS = YES;
				CLANG_WARN_DIRECT_OBJC_ISA_USAGE = YES_ERROR;
				CLANG_WARN_DOCUMENTATION_COMMENTS = YES;
				CLANG_WARN_EMPTY_BODY = YES;
				CLANG_WARN_ENUM_CONVERSION = YES;
				CLANG_WARN_INFINITE_RECURSION = YES;
				CLANG_WARN_INT_CONVERSION = YES;
				CLANG_WARN_NON_LITERAL_NULL_CONVERSION = YES;
				CLANG_WARN_OBJC_IMPLICIT_RETAIN_SELF = YES;
				CLANG_WARN_OBJC_LITERAL_CONVERSION = YES;
				CLANG_WARN_OBJC_ROOT_CLASS = YES_ERROR;
				CLANG_WARN_QUOTED_INCLUDE_IN_FRAMEWORK_HEADER = YES;
				CLANG_WARN_RANGE_LOOP_ANALYSIS = YES;
				CLANG_WARN_STRICT_PROTOTYPES = YES;
				CLANG_WARN_SUSPICIOUS_MOVE = YES;
				CLANG_WARN_UNGUARDED_AVAILABILITY = YES_AGGRESSIVE;
				CLANG_WARN_UNREACHABLE_CODE = YES;
				CLANG_WARN__DUPLICATE_METHOD_MATCH = YES;
				COPY_PHASE_STRIP = NO;
				DEBUG_INFORMATION_FORMAT = dwarf;
				ENABLE_STRICT_OBJC_MSGSEND = YES;
				ENABLE_TESTABILITY = YES;
				GCC_C_LANGUAGE_STANDARD = gnu11;
				GCC_DYNAMIC_NO_PIC = NO;
				GCC_NO_COMMON_BLOCKS = YES;
				GCC_OPTIMIZATION_LEVEL = 0;
				GCC_PREPROCESSOR_DEFINITIONS = (
					"DEBUG=1",
					"$(inherited)",
				);
				GCC_WARN_64_TO_32_BIT_CONVERSION = YES;
				GCC_WARN_ABOUT_RETURN_TYPE = YES_ERROR;
				GCC_WARN_UNDECLARED_SELECTOR = YES;
				GCC_WARN_UNINITIALIZED_AUTOS = YES_AGGRESSIVE;
				GCC_WARN_UNUSED_FUNCTION = YES;
				GCC_WARN_UNUSED_VARIABLE = YES;
				IPHONEOS_DEPLOYMENT_TARGET = 14.5;
				MTL_ENABLE_DEBUG_INFO = INCLUDE_SOURCE;
				MTL_FAST_MATH = YES;
				ONLY_ACTIVE_ARCH = YES;
				SDKROOT = iphoneos;
				SWIFT_ACTIVE_COMPILATION_CONDITIONS = DEBUG;
				SWIFT_OPTIMIZATION_LEVEL = "-Onone";
			};
			name = Debug;
		};
		74AA9DD427ADA1230029E057 /* Release */ = {
			isa = XCBuildConfiguration;
			buildSettings = {
				ALWAYS_SEARCH_USER_PATHS = NO;
				CLANG_ANALYZER_NONNULL = YES;
				CLANG_ANALYZER_NUMBER_OBJECT_CONVERSION = YES_AGGRESSIVE;
				CLANG_CXX_LANGUAGE_STANDARD = "gnu++14";
				CLANG_CXX_LIBRARY = "libc++";
				CLANG_ENABLE_MODULES = YES;
				CLANG_ENABLE_OBJC_ARC = YES;
				CLANG_ENABLE_OBJC_WEAK = YES;
				CLANG_WARN_BLOCK_CAPTURE_AUTORELEASING = YES;
				CLANG_WARN_BOOL_CONVERSION = YES;
				CLANG_WARN_COMMA = YES;
				CLANG_WARN_CONSTANT_CONVERSION = YES;
				CLANG_WARN_DEPRECATED_OBJC_IMPLEMENTATIONS = YES;
				CLANG_WARN_DIRECT_OBJC_ISA_USAGE = YES_ERROR;
				CLANG_WARN_DOCUMENTATION_COMMENTS = YES;
				CLANG_WARN_EMPTY_BODY = YES;
				CLANG_WARN_ENUM_CONVERSION = YES;
				CLANG_WARN_INFINITE_RECURSION = YES;
				CLANG_WARN_INT_CONVERSION = YES;
				CLANG_WARN_NON_LITERAL_NULL_CONVERSION = YES;
				CLANG_WARN_OBJC_IMPLICIT_RETAIN_SELF = YES;
				CLANG_WARN_OBJC_LITERAL_CONVERSION = YES;
				CLANG_WARN_OBJC_ROOT_CLASS = YES_ERROR;
				CLANG_WARN_QUOTED_INCLUDE_IN_FRAMEWORK_HEADER = YES;
				CLANG_WARN_RANGE_LOOP_ANALYSIS = YES;
				CLANG_WARN_STRICT_PROTOTYPES = YES;
				CLANG_WARN_SUSPICIOUS_MOVE = YES;
				CLANG_WARN_UNGUARDED_AVAILABILITY = YES_AGGRESSIVE;
				CLANG_WARN_UNREACHABLE_CODE = YES;
				CLANG_WARN__DUPLICATE_METHOD_MATCH = YES;
				COPY_PHASE_STRIP = NO;
				DEBUG_INFORMATION_FORMAT = "dwarf-with-dsym";
				ENABLE_NS_ASSERTIONS = NO;
				ENABLE_STRICT_OBJC_MSGSEND = YES;
				GCC_C_LANGUAGE_STANDARD = gnu11;
				GCC_NO_COMMON_BLOCKS = YES;
				GCC_WARN_64_TO_32_BIT_CONVERSION = YES;
				GCC_WARN_ABOUT_RETURN_TYPE = YES_ERROR;
				GCC_WARN_UNDECLARED_SELECTOR = YES;
				GCC_WARN_UNINITIALIZED_AUTOS = YES_AGGRESSIVE;
				GCC_WARN_UNUSED_FUNCTION = YES;
				GCC_WARN_UNUSED_VARIABLE = YES;
				IPHONEOS_DEPLOYMENT_TARGET = 14.5;
				MTL_ENABLE_DEBUG_INFO = NO;
				MTL_FAST_MATH = YES;
				SDKROOT = iphoneos;
				SWIFT_COMPILATION_MODE = wholemodule;
				SWIFT_OPTIMIZATION_LEVEL = "-O";
				VALIDATE_PRODUCT = YES;
			};
			name = Release;
		};
		74AA9DD627ADA1230029E057 /* Debug */ = {
			isa = XCBuildConfiguration;
			buildSettings = {
				ASSETCATALOG_COMPILER_APPICON_NAME = AppIcon;
				ASSETCATALOG_COMPILER_GLOBAL_ACCENT_COLOR_NAME = AccentColor;
				CODE_SIGN_STYLE = Automatic;
				DEVELOPMENT_TEAM = G5P3M2D27A;
				INFOPLIST_FILE = "WeatherAppMVVM/Supporting Files/Info.plist";
				IPHONEOS_DEPLOYMENT_TARGET = 13.2;
				LD_RUNPATH_SEARCH_PATHS = (
					"$(inherited)",
					"@executable_path/Frameworks",
				);
				PRODUCT_BUNDLE_IDENTIFIER = com.appsite.WeatherAppMVVM;
				PRODUCT_NAME = "$(TARGET_NAME)";
				SWIFT_VERSION = 5.0;
				TARGETED_DEVICE_FAMILY = "1,2";
			};
			name = Debug;
		};
		74AA9DD727ADA1230029E057 /* Release */ = {
			isa = XCBuildConfiguration;
			buildSettings = {
				ASSETCATALOG_COMPILER_APPICON_NAME = AppIcon;
				ASSETCATALOG_COMPILER_GLOBAL_ACCENT_COLOR_NAME = AccentColor;
				CODE_SIGN_STYLE = Automatic;
				DEVELOPMENT_TEAM = G5P3M2D27A;
				INFOPLIST_FILE = "WeatherAppMVVM/Supporting Files/Info.plist";
				IPHONEOS_DEPLOYMENT_TARGET = 13.2;
				LD_RUNPATH_SEARCH_PATHS = (
					"$(inherited)",
					"@executable_path/Frameworks",
				);
				PRODUCT_BUNDLE_IDENTIFIER = com.appsite.WeatherAppMVVM;
				PRODUCT_NAME = "$(TARGET_NAME)";
				SWIFT_VERSION = 5.0;
				TARGETED_DEVICE_FAMILY = "1,2";
			};
			name = Release;
		};
/* End XCBuildConfiguration section */

/* Begin XCConfigurationList section */
		74AA9DBC27ADA1210029E057 /* Build configuration list for PBXProject "WeatherAppMVVM" */ = {
			isa = XCConfigurationList;
			buildConfigurations = (
				74AA9DD327ADA1230029E057 /* Debug */,
				74AA9DD427ADA1230029E057 /* Release */,
			);
			defaultConfigurationIsVisible = 0;
			defaultConfigurationName = Release;
		};
		74AA9DD527ADA1230029E057 /* Build configuration list for PBXNativeTarget "WeatherAppMVVM" */ = {
			isa = XCConfigurationList;
			buildConfigurations = (
				74AA9DD627ADA1230029E057 /* Debug */,
				74AA9DD727ADA1230029E057 /* Release */,
			);
			defaultConfigurationIsVisible = 0;
			defaultConfigurationName = Release;
		};
/* End XCConfigurationList section */
	};
	rootObject = 74AA9DB927ADA1210029E057 /* Project object */;
}
